
Microsoft Visual Studio Solution File, Format Version 12.00
# Visual Studio Version 16
VisualStudioVersion = 16.0.30114.105
MinimumVisualStudioVersion = 10.0.40219.1
Project("{FAE04EC0-301F-11D3-BF4B-00C04F79EFBC}") = "WeatherApp", "WeatherApp.csproj", "{A4F596EA-E4A6-4C56-B007-909D37087085}"
EndProject
Project("{FAE04EC0-301F-11D3-BF4B-00C04F79EFBC}") = "WeatherLibrary", "..\WeatherLibrary\WeatherLibrary.csproj", "{F5F32AFA-9B57-451C-B4A2-AD6BF97A34F5}"
EndProject
Project("{FAE04EC0-301F-11D3-BF4B-00C04F79EFBC}") = "Weather.Resources", "..\Weather.Resources\Weather.Resources.csproj", "{432E909E-FAB4-43C9-8E7C-13C8C069D831}"
EndProject
Project("{FAE04EC0-301F-11D3-BF4B-00C04F79EFBC}") = "WeatherApp.Core", "..\WeatherApp.Core\WeatherApp.Core.csproj", "{8818CE7D-B695-4DBD-94BA-726FBD310296}"
EndProject
Project("{FAE04EC0-301F-11D3-BF4B-00C04F79EFBC}") = "Weather.Test", "..\Weather.Test\Weather.Test.csproj", "{CF773F66-E3CA-4600-909B-EA2662D777C8}"
EndProject
Global
	GlobalSection(SolutionConfigurationPlatforms) = preSolution
		Debug|Any CPU = Debug|Any CPU
		Release|Any CPU = Release|Any CPU
	EndGlobalSection
	GlobalSection(ProjectConfigurationPlatforms) = postSolution
		{A4F596EA-E4A6-4C56-B007-909D37087085}.Debug|Any CPU.ActiveCfg = Debug|Any CPU
		{A4F596EA-E4A6-4C56-B007-909D37087085}.Debug|Any CPU.Build.0 = Debug|Any CPU
		{A4F596EA-E4A6-4C56-B007-909D37087085}.Release|Any CPU.ActiveCfg = Release|Any CPU
		{A4F596EA-E4A6-4C56-B007-909D37087085}.Release|Any CPU.Build.0 = Release|Any CPU
		{F5F32AFA-9B57-451C-B4A2-AD6BF97A34F5}.Debug|Any CPU.ActiveCfg = Debug|Any CPU
		{F5F32AFA-9B57-451C-B4A2-AD6BF97A34F5}.Debug|Any CPU.Build.0 = Debug|Any CPU
		{F5F32AFA-9B57-451C-B4A2-AD6BF97A34F5}.Release|Any CPU.ActiveCfg = Release|Any CPU
		{F5F32AFA-9B57-451C-B4A2-AD6BF97A34F5}.Release|Any CPU.Build.0 = Release|Any CPU
		{432E909E-FAB4-43C9-8E7C-13C8C069D831}.Debug|Any CPU.ActiveCfg = Debug|Any CPU
		{432E909E-FAB4-43C9-8E7C-13C8C069D831}.Debug|Any CPU.Build.0 = Debug|Any CPU
		{432E909E-FAB4-43C9-8E7C-13C8C069D831}.Release|Any CPU.ActiveCfg = Release|Any CPU
		{432E909E-FAB4-43C9-8E7C-13C8C069D831}.Release|Any CPU.Build.0 = Release|Any CPU
		{8818CE7D-B695-4DBD-94BA-726FBD310296}.Debug|Any CPU.ActiveCfg = Debug|Any CPU
		{8818CE7D-B695-4DBD-94BA-726FBD310296}.Debug|Any CPU.Build.0 = Debug|Any CPU
		{8818CE7D-B695-4DBD-94BA-726FBD310296}.Release|Any CPU.ActiveCfg = Release|Any CPU
		{8818CE7D-B695-4DBD-94BA-726FBD310296}.Release|Any CPU.Build.0 = Release|Any CPU
		{CF773F66-E3CA-4600-909B-EA2662D777C8}.Debug|Any CPU.ActiveCfg = Debug|Any CPU
		{CF773F66-E3CA-4600-909B-EA2662D777C8}.Debug|Any CPU.Build.0 = Debug|Any CPU
		{CF773F66-E3CA-4600-909B-EA2662D777C8}.Release|Any CPU.ActiveCfg = Release|Any CPU
		{CF773F66-E3CA-4600-909B-EA2662D777C8}.Release|Any CPU.Build.0 = Release|Any CPU
	EndGlobalSection
	GlobalSection(SolutionProperties) = preSolution
		HideSolutionNode = FALSE
	EndGlobalSection
	GlobalSection(ExtensibilityGlobals) = postSolution
		SolutionGuid = {7E901606-630E-4B62-BB6A-C09AB6895E95}
	EndGlobalSection
EndGlobal
